lockfileVersion: 5.3

specifiers:
  devalue: ^2.0.1
  playwright-chromium: ^1.19.1
  port-authority: ^1.1.2
  sirv: ^2.0.0
  svelte: ^3.44.2
  tiny-glob: ^0.2.9
  typescript: ^4.6.2
  uvu: ^0.5.2

dependencies:
  tiny-glob: 0.2.9

devDependencies:
  devalue: 2.0.1
  playwright-chromium: 1.19.2
  port-authority: 1.1.2
  sirv: 2.0.2
  svelte: 3.46.4
  typescript: 4.6.2
  uvu: 0.5.3

packages:

  /@polka/url/1.0.0-next.21:
    resolution: {integrity: sha512-a5Sab1C4/icpTZVzZc5Ghpz88yQtGOyNqYXcZgOssB2uuAr+wF/MvN6bgtW32q7HHrvBki+BsZ0OuNv6EV3K9g==}
    dev: true

  /@types/node/17.0.21:
    resolution: {integrity: sha512-DBZCJbhII3r90XbQxI8Y9IjjiiOGlZ0Hr32omXIZvwwZ7p4DMMXGrKXVyPfuoBOri9XNtL0UK69jYIBIsRX3QQ==}
    dev: true
    optional: true

  /@types/yauzl/2.9.2:
    resolution: {integrity: sha512-8uALY5LTvSuHgloDVUvWP3pIauILm+8/0pDMokuDYIoNsOkSwd5AiHBTSEJjKTDcZr5z8UpgOWZkxBF4iJftoA==}
    requiresBuild: true
    dependencies:
      '@types/node': 17.0.21
    dev: true
    optional: true

  /agent-base/6.0.2:
    resolution: {integrity: sha512-RZNwNclF7+MS/8bDg70amg32dyeZGZxiDuQmZxKLAlQjr3jGyLx+4Kkk58UO7D2QdgFIQCovuSuZESne6RG6XQ==}
    engines: {node: '>= 6.0.0'}
    dependencies:
      debug: 4.3.3
    transitivePeerDependencies:
      - supports-color
    dev: true

  /balanced-match/1.0.2:
    resolution: {integrity: sha512-3oSeUO0TMV67hN1AmbXsK4yaqU7tjiHlbxRDZOpH0KW9+CeX4bRAaX0Anxt0tx2MrpRpWwQaPwIlISEJhYU5Pw==}
    dev: true

  /brace-expansion/1.1.11:
    resolution: {integrity: sha512-iCuPHDFgrHX7H2vEI/5xpz07zSHB00TpugqhmYtVmMO6518mCuRMoOYFldEBl0g187ufozdaHgWKcYFb61qGiA==}
    dependencies:
      balanced-match: 1.0.2
      concat-map: 0.0.1
    dev: true

  /buffer-crc32/0.2.13:
    resolution: {integrity: sha1-DTM+PwDqxQqhRUq9MO+MKl2ackI=}
    dev: true

  /commander/8.3.0:
    resolution: {integrity: sha512-OkTL9umf+He2DZkUq8f8J9of7yL6RJKI24dVITBmNfZBmri9zYZQrKkuXiKhyfPSu8tUhnVBB1iKXevvnlR4Ww==}
    engines: {node: '>= 12'}
    dev: true

  /concat-map/0.0.1:
    resolution: {integrity: sha1-2Klr13/Wjfd5OnMDajug1UBdR3s=}
    dev: true

  /debug/4.3.3:
    resolution: {integrity: sha512-/zxw5+vh1Tfv+4Qn7a5nsbcJKPaSvCDhojn6FEl9vupwK2VCSDtEiEtqr8DFtzYFOdz63LBkxec7DYuc2jon6Q==}
    engines: {node: '>=6.0'}
    peerDependencies:
      supports-color: '*'
    peerDependenciesMeta:
      supports-color:
        optional: true
    dependencies:
      ms: 2.1.2
    dev: true

  /dequal/2.0.2:
    resolution: {integrity: sha512-q9K8BlJVxK7hQYqa6XISGmBZbtQQWVXSrRrWreHC94rMt1QL/Impruc+7p2CYSYuVIUr+YCt6hjrs1kkdJRTug==}
    engines: {node: '>=6'}
    dev: true

  /devalue/2.0.1:
    resolution: {integrity: sha512-I2TiqT5iWBEyB8GRfTDP0hiLZ0YeDJZ+upDxjBfOC2lebO5LezQMv7QvIUTzdb64jQyAKLf1AHADtGN+jw6v8Q==}
    dev: true

  /diff/5.0.0:
    resolution: {integrity: sha512-/VTCrvm5Z0JGty/BWHljh+BAiw3IK+2j87NGMu8Nwc/f48WoDAC395uomO9ZD117ZOBaHmkX1oyLvkVM/aIT3w==}
    engines: {node: '>=0.3.1'}
    dev: true

  /end-of-stream/1.4.4:
    resolution: {integrity: sha512-+uw1inIHVPQoaVuHzRyXd21icM+cnt4CzD5rW+NC1wjOUSTOs+Te7FOv7AhN7vS9x/oIyhLP5PR1H+phQAHu5Q==}
    dependencies:
      once: 1.4.0
    dev: true

  /escape-string-regexp/2.0.0:
    resolution: {integrity: sha512-UpzcLCXolUWcNu5HtVMHYdXJjArjsF9C0aNnquZYY4uW/Vu0miy5YoWvbV345HauVvcAUnpRuhMMcqTcGOY2+w==}
    engines: {node: '>=8'}
    dev: true

  /extract-zip/2.0.1:
    resolution: {integrity: sha512-GDhU9ntwuKyGXdZBUgTIe+vXnWj0fppUEtMDL0+idd5Sta8TGpHssn/eusA9mrPr9qNDym6SxAYZjNvCn/9RBg==}
    engines: {node: '>= 10.17.0'}
    hasBin: true
    dependencies:
      debug: 4.3.3
      get-stream: 5.2.0
      yauzl: 2.10.0
    optionalDependencies:
      '@types/yauzl': 2.9.2
    transitivePeerDependencies:
      - supports-color
    dev: true

  /fd-slicer/1.1.0:
    resolution: {integrity: sha1-JcfInLH5B3+IkbvmHY85Dq4lbx4=}
    dependencies:
      pend: 1.2.0
    dev: true

  /fs.realpath/1.0.0:
    resolution: {integrity: sha1-FQStJSMVjKpA20onh8sBQRmU6k8=}
    dev: true

  /get-stream/5.2.0:
    resolution: {integrity: sha512-nBF+F1rAZVCu/p7rjzgA+Yb4lfYXrpl7a6VmJrU8wF9I1CKvP/QwPNZHnOlwbTkY6dvtFIzFMSyQXbLoTQPRpA==}
    engines: {node: '>=8'}
    dependencies:
      pump: 3.0.0
    dev: true

  /glob/7.2.0:
    resolution: {integrity: sha512-lmLf6gtyrPq8tTjSmrO94wBeQbFR3HbLHbuyD69wuyQkImp2hWqMGB47OX65FBkPffO641IP9jWa1z4ivqG26Q==}
    dependencies:
      fs.realpath: 1.0.0
      inflight: 1.0.6
      inherits: 2.0.4
      minimatch: 3.1.2
      once: 1.4.0
      path-is-absolute: 1.0.1
    dev: true

  /globalyzer/0.1.0:
    resolution: {integrity: sha512-40oNTM9UfG6aBmuKxk/giHn5nQ8RVz/SS4Ir6zgzOv9/qC3kKZ9v4etGTcJbEl/NyVQH7FGU7d+X1egr57Md2Q==}
    dev: false

  /globrex/0.1.2:
    resolution: {integrity: sha512-uHJgbwAMwNFf5mLst7IWLNg14x1CkeqglJb/K3doi4dw6q2IvAAmM/Y81kevy83wP+Sst+nutFTYOGg3d1lsxg==}
    dev: false

  /graceful-fs/4.2.9:
    resolution: {integrity: sha512-NtNxqUcXgpW2iMrfqSfR73Glt39K+BLwWsPs94yR63v45T0Wbej7eRmL5cWfwEgqXnmjQp3zaJTshdRW/qC2ZQ==}
    dev: true

  /https-proxy-agent/5.0.0:
    resolution: {integrity: sha512-EkYm5BcKUGiduxzSt3Eppko+PiNWNEpa4ySk9vTC6wDsQJW9rHSa+UhGNJoRYp7bz6Ht1eaRIa6QaJqO5rCFbA==}
    engines: {node: '>= 6'}
    dependencies:
      agent-base: 6.0.2
      debug: 4.3.3
    transitivePeerDependencies:
      - supports-color
    dev: true

  /inflight/1.0.6:
    resolution: {integrity: sha1-Sb1jMdfQLQwJvJEKEHW6gWW1bfk=}
    dependencies:
      once: 1.4.0
      wrappy: 1.0.2
    dev: true

  /inherits/2.0.4:
    resolution: {integrity: sha512-k/vGaX4/Yla3WzyMCvTQOXYeIHvqOKtnqBduzTHpzpQZzAskKMhZ2K+EnBiSM9zGSoIFeMpXKxa4dYeZIQqewQ==}
    dev: true

  /ip/1.1.5:
    resolution: {integrity: sha1-vd7XARQpCCjAoDnnLvJfWq7ENUo=}
    dev: true

  /jpeg-js/0.4.3:
    resolution: {integrity: sha512-ru1HWKek8octvUHFHvE5ZzQ1yAsJmIvRdGWvSoKV52XKyuyYA437QWDttXT8eZXDSbuMpHlLzPDZUPd6idIz+Q==}
    dev: true

  /kleur/4.1.4:
    resolution: {integrity: sha512-8QADVssbrFjivHWQU7KkMgptGTl6WAcSdlbBPY4uNF+mWr6DGcKrvY2w4FQJoXch7+fKMjj0dRrL75vk3k23OA==}
    engines: {node: '>=6'}
    dev: true

  /mime/3.0.0:
    resolution: {integrity: sha512-jSCU7/VB1loIWBZe14aEYHU/+1UMEHoaO7qxCOVJOw9GgH72VAWppxNcjU+x9a2k3GSIBXNKxXQFqRvvZ7vr3A==}
    engines: {node: '>=10.0.0'}
    hasBin: true
    dev: true

  /minimatch/3.1.2:
    resolution: {integrity: sha512-J7p63hRiAjw1NDEww1W7i37+ByIrOWO5XQQAzZ3VOcL0PNybwpfmV/N05zFAzwQ9USyEcX6t3UO+K5aqBQOIHw==}
    dependencies:
      brace-expansion: 1.1.11
    dev: true

  /mri/1.2.0:
    resolution: {integrity: sha512-tzzskb3bG8LvYGFF/mDTpq3jpI6Q9wc3LEmBaghu+DdCssd1FakN7Bc0hVNmEyGq1bq3RgfkCb3cmQLpNPOroA==}
    engines: {node: '>=4'}
    dev: true

  /mrmime/1.0.0:
    resolution: {integrity: sha512-a70zx7zFfVO7XpnQ2IX1Myh9yY4UYvfld/dikWRnsXxbyvMcfz+u6UfgNAtH+k2QqtJuzVpv6eLTx1G2+WKZbQ==}
    engines: {node: '>=10'}
    dev: true

  /ms/2.1.2:
    resolution: {integrity: sha512-sGkPx+VjMtmA6MX27oA4FBFELFCZZ4S4XqeGOXCv68tT+jb3vk/RyaKWP0PTKyWtmLSM0b+adUTEvbs1PEaH2w==}
    dev: true

  /once/1.4.0:
    resolution: {integrity: sha1-WDsap3WWHUsROsF9nFC6753Xa9E=}
    dependencies:
      wrappy: 1.0.2
    dev: true

  /path-is-absolute/1.0.1:
    resolution: {integrity: sha1-F0uSaHNVNP+8es5r9TpanhtcX18=}
    engines: {node: '>=0.10.0'}
    dev: true

  /pend/1.2.0:
    resolution: {integrity: sha1-elfrVQpng/kRUzH89GY9XI4AelA=}
    dev: true

  /playwright-chromium/1.19.2:
    resolution: {integrity: sha512-4S6KiJgR6PCQmlm4IzArgt9aDkzijYXxVG1j3vRqdugXQ1mPA2QIFUmXmRJeDczVkbIR5N8opJSNMnNDFg4qVw==}
    engines: {node: '>=12'}
    hasBin: true
    requiresBuild: true
    dependencies:
      playwright-core: 1.19.2
    transitivePeerDependencies:
      - bufferutil
      - supports-color
      - utf-8-validate
    dev: true

  /playwright-core/1.19.2:
    resolution: {integrity: sha512-OsL3sJZIo1UxKNWSP7zW7sk3FyUGG06YRHxHeBw51eIOxTCQRx5t+hXd0cvXashN2CHnd3hIZTs2aKa/im4hZQ==}
    engines: {node: '>=12'}
    hasBin: true
    dependencies:
      commander: 8.3.0
      debug: 4.3.3
      extract-zip: 2.0.1
      https-proxy-agent: 5.0.0
      jpeg-js: 0.4.3
      mime: 3.0.0
      pngjs: 6.0.0
      progress: 2.0.3
      proper-lockfile: 4.1.2
      proxy-from-env: 1.1.0
      rimraf: 3.0.2
      socks-proxy-agent: 6.1.1
      stack-utils: 2.0.5
      ws: 8.4.2
      yauzl: 2.10.0
      yazl: 2.5.1
    transitivePeerDependencies:
      - bufferutil
      - supports-color
      - utf-8-validate
    dev: true

  /pngjs/6.0.0:
    resolution: {integrity: sha512-TRzzuFRRmEoSW/p1KVAmiOgPco2Irlah+bGFCeNfJXxxYGwSw7YwAOAcd7X28K/m5bjBWKsC29KyoMfHbypayg==}
    engines: {node: '>=12.13.0'}
    dev: true

  /port-authority/1.1.2:
    resolution: {integrity: sha512-me2dL+chJVb88zpE228MvA6wIRy1CuXxGTwI5hYe4DnSnXRbtJT+9ggRj+49kgHgs/AKMTKOt/EkTHSvQJmRXA==}
    dev: true

  /progress/2.0.3:
    resolution: {integrity: sha512-7PiHtLll5LdnKIMw100I+8xJXR5gW2QwWYkT6iJva0bXitZKa/XMrSbdmg3r2Xnaidz9Qumd0VPaMrZlF9V9sA==}
    engines: {node: '>=0.4.0'}
    dev: true

  /proper-lockfile/4.1.2:
    resolution: {integrity: sha512-TjNPblN4BwAWMXU8s9AEz4JmQxnD1NNL7bNOY/AKUzyamc379FWASUhc/K1pL2noVb+XmZKLL68cjzLsiOAMaA==}
    dependencies:
      graceful-fs: 4.2.9
      retry: 0.12.0
      signal-exit: 3.0.7
    dev: true

  /proxy-from-env/1.1.0:
    resolution: {integrity: sha512-D+zkORCbA9f1tdWRK0RaCR3GPv50cMxcrz4X8k5LTSUD1Dkw47mKJEZQNunItRTkWwgtaUSo1RVFRIG9ZXiFYg==}
    dev: true

  /pump/3.0.0:
    resolution: {integrity: sha512-LwZy+p3SFs1Pytd/jYct4wpv49HiYCqd9Rlc5ZVdk0V+8Yzv6jR5Blk3TRmPL1ft69TxP0IMZGJ+WPFU2BFhww==}
    dependencies:
      end-of-stream: 1.4.4
      once: 1.4.0
    dev: true

  /retry/0.12.0:
    resolution: {integrity: sha1-G0KmJmoh8HQh0bC1S33BZ7AcATs=}
    engines: {node: '>= 4'}
    dev: true

  /rimraf/3.0.2:
    resolution: {integrity: sha512-JZkJMZkAGFFPP2YqXZXPbMlMBgsxzE8ILs4lMIX/2o0L9UBw9O/Y3o6wFw/i9YLapcUJWwqbi3kdxIPdC62TIA==}
    hasBin: true
    dependencies:
      glob: 7.2.0
    dev: true

  /sade/1.8.1:
    resolution: {integrity: sha512-xal3CZX1Xlo/k4ApwCFrHVACi9fBqJ7V+mwhBsuf/1IOKbBy098Fex+Wa/5QMubw09pSZ/u8EY8PWgevJsXp1A==}
    engines: {node: '>=6'}
    dependencies:
      mri: 1.2.0
    dev: true

  /signal-exit/3.0.7:
    resolution: {integrity: sha512-wnD2ZE+l+SPC/uoS0vXeE9L1+0wuaMqKlfz9AMUo38JsyLSBWSFcHR1Rri62LZc12vLr1gb3jl7iwQhgwpAbGQ==}
    dev: true

  /sirv/2.0.2:
    resolution: {integrity: sha512-4Qog6aE29nIjAOKe/wowFTxOdmbEZKb+3tsLljaBRzJwtqto0BChD2zzH0LhgCSXiI+V7X+Y45v14wBZQ1TK3w==}
    engines: {node: '>= 10'}
    dependencies:
      '@polka/url': 1.0.0-next.21
      mrmime: 1.0.0
      totalist: 3.0.0
    dev: true

  /smart-buffer/4.2.0:
    resolution: {integrity: sha512-94hK0Hh8rPqQl2xXc3HsaBoOXKV20MToPkcXvwbISWLEs+64sBq5kFgn2kJDHb1Pry9yrP0dxrCI9RRci7RXKg==}
    engines: {node: '>= 6.0.0', npm: '>= 3.0.0'}
    dev: true

  /socks-proxy-agent/6.1.1:
    resolution: {integrity: sha512-t8J0kG3csjA4g6FTbsMOWws+7R7vuRC8aQ/wy3/1OWmsgwA68zs/+cExQ0koSitUDXqhufF/YJr9wtNMZHw5Ew==}
    engines: {node: '>= 10'}
    dependencies:
      agent-base: 6.0.2
      debug: 4.3.3
      socks: 2.6.2
    transitivePeerDependencies:
      - supports-color
    dev: true

  /socks/2.6.2:
    resolution: {integrity: sha512-zDZhHhZRY9PxRruRMR7kMhnf3I8hDs4S3f9RecfnGxvcBHQcKcIH/oUcEWffsfl1XxdYlA7nnlGbbTvPz9D8gA==}
    engines: {node: '>= 10.13.0', npm: '>= 3.0.0'}
    dependencies:
      ip: 1.1.5
      smart-buffer: 4.2.0
    dev: true

  /stack-utils/2.0.5:
    resolution: {integrity: sha512-xrQcmYhOsn/1kX+Vraq+7j4oE2j/6BFscZ0etmYg81xuM8Gq0022Pxb8+IqgOFUIaxHs0KaSb7T1+OegiNrNFA==}
    engines: {node: '>=10'}
    dependencies:
      escape-string-regexp: 2.0.0
    dev: true

  /svelte/3.46.4:
    resolution: {integrity: sha512-qKJzw6DpA33CIa+C/rGp4AUdSfii0DOTCzj/2YpSKKayw5WGSS624Et9L1nU1k2OVRS9vaENQXp2CVZNU+xvIg==}
    engines: {node: '>= 8'}
    dev: true

  /tiny-glob/0.2.9:
    resolution: {integrity: sha512-g/55ssRPUjShh+xkfx9UPDXqhckHEsHr4Vd9zX55oSdGZc/MD0m3sferOkwWtp98bv+kcVfEHtRJgBVJzelrzg==}
    dependencies:
      globalyzer: 0.1.0
      globrex: 0.1.2
    dev: false

  /totalist/3.0.0:
    resolution: {integrity: sha512-eM+pCBxXO/njtF7vdFsHuqb+ElbxqtI4r5EAvk6grfAFyJ6IvWlSkfZ5T9ozC6xWw3Fj1fGoSmrl0gUs46JVIw==}
    engines: {node: '>=6'}
    dev: true

  /typescript/4.6.2:
    resolution: {integrity: sha512-HM/hFigTBHZhLXshn9sN37H085+hQGeJHJ/X7LpBWLID/fbc2acUMfU+lGD98X81sKP+pFa9f0DZmCwB9GnbAg==}
    engines: {node: '>=4.2.0'}
    hasBin: true
    dev: true

  /uvu/0.5.3:
    resolution: {integrity: sha512-brFwqA3FXzilmtnIyJ+CxdkInkY/i4ErvP7uV0DnUVxQcQ55reuHphorpF+tZoVHK2MniZ/VJzI7zJQoc9T9Yw==}
    engines: {node: '>=8'}
    hasBin: true
    dependencies:
      dequal: 2.0.2
      diff: 5.0.0
      kleur: 4.1.4
      sade: 1.8.1
    dev: true

  /wrappy/1.0.2:
    resolution: {integrity: sha1-tSQ9jz7BqjXxNkYFvA0QNuMKtp8=}
    dev: true

  /ws/8.4.2:
    resolution: {integrity: sha512-Kbk4Nxyq7/ZWqr/tarI9yIt/+iNNFOjBXEWgTb4ydaNHBNGgvf2QHbS9fdfsndfjFlFwEd4Al+mw83YkaD10ZA==}
    engines: {node: '>=10.0.0'}
    peerDependencies:
      bufferutil: ^4.0.1
      utf-8-validate: ^5.0.2
    peerDependenciesMeta:
      bufferutil:
        optional: true
      utf-8-validate:
        optional: true
    dev: true

  /yauzl/2.10.0:
    resolution: {integrity: sha1-x+sXyT4RLLEIb6bY5R+wZnt5pfk=}
    dependencies:
      buffer-crc32: 0.2.13
      fd-slicer: 1.1.0
    dev: true

  /yazl/2.5.1:
    resolution: {integrity: sha512-phENi2PLiHnHb6QBVot+dJnaAZ0xosj7p3fWl+znIjBDlnMI2PsZCJZ306BPTFOaHf5qdDEI8x5qFrSOBN5vrw==}
    dependencies:
      buffer-crc32: 0.2.13
    dev: true
